{
  "name": "ears",
  "lockfileVersion": 2,
  "requires": true,
  "packages": {
    "": {
      "name": "ears",
      "devDependencies": {
        "@invisionag/prettier-config-ivx": "^3.0.0",
        "@prettier/plugin-ruby": "^1.6.1",
        "prettier": "^2.4.0"
      }
    },
    "node_modules/@invisionag/prettier-config-ivx": {
      "version": "3.0.0",
      "resolved": "https://registry.npmjs.org/@invisionag/prettier-config-ivx/-/prettier-config-ivx-3.0.0.tgz",
      "integrity": "sha512-tUFmF0OJfpiAZnjnn4T9Bg+CJMeLwlvbGyRm3hmvLn6RiMnvzdr19G8DmBxGIQTCbvgkkWsWzzChxw6mdBfoog==",
      "dev": true,
      "peerDependencies": {
        "prettier": ">=2.0.0"
      }
    },
    "node_modules/@prettier/plugin-ruby": {
      "version": "1.6.1",
      "resolved": "https://registry.npmjs.org/@prettier/plugin-ruby/-/plugin-ruby-1.6.1.tgz",
      "integrity": "sha512-PGDCATgVTQz0s/NB9nStiXVCIr+hG/XnKeAO/kguaHrNf8VwCpP5Ul+/KQao0z0QFBy2PDY8kWptfDQCa7WMXg==",
      "dev": true,
      "dependencies": {
        "prettier": ">=1.10"
      }
    },
    "node_modules/prettier": {
      "version": "2.4.0",
      "resolved": "https://registry.npmjs.org/prettier/-/prettier-2.4.0.tgz",
      "integrity": "sha512-DsEPLY1dE5HF3BxCRBmD4uYZ+5DCbvatnolqTqcxEgKVZnL2kUfyu7b8pPQ5+hTBkdhU9SLUmK0/pHb07RE4WQ==",
      "dev": true,
      "bin": {
        "prettier": "bin-prettier.js"
      },
      "engines": {
        "node": ">=10.13.0"
      }
    }
  },
  "dependencies": {
    "@invisionag/prettier-config-ivx": {
      "version": "3.0.0",
      "resolved": "https://registry.npmjs.org/@invisionag/prettier-config-ivx/-/prettier-config-ivx-3.0.0.tgz",
      "integrity": "sha512-tUFmF0OJfpiAZnjnn4T9Bg+CJMeLwlvbGyRm3hmvLn6RiMnvzdr19G8DmBxGIQTCbvgkkWsWzzChxw6mdBfoog==",
      "dev": true,
      "requires": {}
    },
    "@prettier/plugin-ruby": {
      "version": "1.6.1",
      "resolved": "https://registry.npmjs.org/@prettier/plugin-ruby/-/plugin-ruby-1.6.1.tgz",
      "integrity": "sha512-PGDCATgVTQz0s/NB9nStiXVCIr+hG/XnKeAO/kguaHrNf8VwCpP5Ul+/KQao0z0QFBy2PDY8kWptfDQCa7WMXg==",
      "dev": true,
      "requires": {
        "prettier": ">=1.10"
      }
    },
    "prettier": {
      "version": "2.4.0",
      "resolved": "https://registry.npmjs.org/prettier/-/prettier-2.4.0.tgz",
      "integrity": "sha512-DsEPLY1dE5HF3BxCRBmD4uYZ+5DCbvatnolqTqcxEgKVZnL2kUfyu7b8pPQ5+hTBkdhU9SLUmK0/pHb07RE4WQ==",
      "dev": true
    }
  }
}
