{
  "name": "ears",
  "lockfileVersion": 2,
  "requires": true,
  "packages": {
    "": {
      "name": "ears",
      "devDependencies": {
        "@invisionag/prettier-config": "^2.1.3",
        "@prettier/plugin-ruby": "^4.0.4",
        "prettier": "^3.5.3"
      }
    },
    "node_modules/@invisionag/prettier-config": {
      "version": "2.1.3",
      "resolved": "https://registry.npmjs.org/@invisionag/prettier-config/-/prettier-config-2.1.3.tgz",
      "integrity": "sha512-/BRe7iCWtsn43hhYrD2ANla2Qf332EusDjcuuB9xOK/z3lEghp59pkuxNFIvlQ/Y9AFMaT1zOFhvxzYax+fj3g==",
      "dev": true,
      "peerDependencies": {
        "prettier": ">=2.0.0"
      }
    },
    "node_modules/@prettier/plugin-ruby": {
      "version": "4.0.4",
      "resolved": "https://registry.npmjs.org/@prettier/plugin-ruby/-/plugin-ruby-4.0.4.tgz",
      "integrity": "sha512-lCpvfS/dQU5WrwN3AQ5vR8qrvj2h5gE41X08NNzAAXvHdM4zwwGRcP2sHSxfu6n6No+ljWCVx95NvJPFTTjCTg==",
      "dev": true,
      "peerDependencies": {
        "prettier": "^3.0.0"
      }
    },
    "node_modules/prettier": {
      "version": "3.5.3",
      "resolved": "https://registry.npmjs.org/prettier/-/prettier-3.5.3.tgz",
      "integrity": "sha512-QQtaxnoDJeAkDvDKWCLiwIXkTgRhwYDEQCghU9Z6q03iyek/rxRh/2lC3HB7P8sWT2xC/y5JDctPLBIGzHKbhw==",
      "dev": true,
      "license": "MIT",
      "bin": {
        "prettier": "bin/prettier.cjs"
      },
      "engines": {
        "node": ">=14"
      },
      "funding": {
        "url": "https://github.com/prettier/prettier?sponsor=1"
      }
    }
  },
  "dependencies": {
    "@invisionag/prettier-config": {
      "version": "2.1.3",
      "resolved": "https://registry.npmjs.org/@invisionag/prettier-config/-/prettier-config-2.1.3.tgz",
      "integrity": "sha512-/BRe7iCWtsn43hhYrD2ANla2Qf332EusDjcuuB9xOK/z3lEghp59pkuxNFIvlQ/Y9AFMaT1zOFhvxzYax+fj3g==",
      "dev": true,
      "requires": {}
    },
    "@prettier/plugin-ruby": {
      "version": "4.0.4",
      "resolved": "https://registry.npmjs.org/@prettier/plugin-ruby/-/plugin-ruby-4.0.4.tgz",
      "integrity": "sha512-lCpvfS/dQU5WrwN3AQ5vR8qrvj2h5gE41X08NNzAAXvHdM4zwwGRcP2sHSxfu6n6No+ljWCVx95NvJPFTTjCTg==",
      "dev": true,
      "requires": {}
    },
    "prettier": {
      "version": "3.5.3",
      "resolved": "https://registry.npmjs.org/prettier/-/prettier-3.5.3.tgz",
      "integrity": "sha512-QQtaxnoDJeAkDvDKWCLiwIXkTgRhwYDEQCghU9Z6q03iyek/rxRh/2lC3HB7P8sWT2xC/y5JDctPLBIGzHKbhw==",
      "dev": true
    }
  }
}
