# THIS IS AN AUTOGENERATED FILE. DO NOT EDIT THIS FILE DIRECTLY.
# yarn lockfile v1


"@invisionag/prettier-config-ivx@^2.1.1":
  version "2.1.1"
  resolved "https://registry.yarnpkg.com/@invisionag/prettier-config-ivx/-/prettier-config-ivx-2.1.1.tgz#8899ec027cfde823ff497f2d67326bc14fbdf4bd"
  integrity sha512-vujtO8XVSwoWU6k1lRZzvOeMCNvX2injJsEfG5rAfQGBjcN0J4a0zwXYBb6GI4gNZsYj6C6iD1Nk2HsMXKFByg==

"@prettier/plugin-ruby@^1.5.2":
  version "1.5.3"
  resolved "https://registry.yarnpkg.com/@prettier/plugin-ruby/-/plugin-ruby-1.5.3.tgz#04c1058fce59651c38c02ace39faa7a0daa4264b"
  integrity sha512-YXXf0PGsUOMk40UlfnjDeF3NuRmKE4ddN4L2drFaskhqcB/P9jNGabz5FsGJdJt+ibPxfRsqx05gfxGLZo1wHg==
  dependencies:
    prettier ">=1.10"

prettier@>=1.10, prettier@^2.2.0:
  version "2.2.1"
  resolved "https://registry.yarnpkg.com/prettier/-/prettier-2.2.1.tgz#795a1a78dd52f073da0cd42b21f9c91381923ff5"
  integrity sha512-PqyhM2yCjg/oKkFPtTGUojv7gnZAoG80ttl45O6x2Ug/rMJw4wcc9k6aaf2hibP7BGVCCM33gZoGjyvt9mm16Q==
